{
  "version": 4,
  "terraform_version": "1.6.2",
  "serial": 3,
  "lineage": "aab4bab6-5dce-7066-6082-e1a3516b6134",
  "outputs": {},
  "resources": [
    {
      "mode": "managed",
      "type": "google_compute_instance",
      "name": "default",
      "provider": "provider[\"registry.terraform.io/hashicorp/google\"]",
      "instances": [
        {
          "schema_version": 6,
          "attributes": {
            "advanced_machine_features": [],
            "allow_stopping_for_update": null,
            "attached_disk": [],
            "boot_disk": [
              {
                "auto_delete": true,
                "device_name": "persistent-disk-0",
                "disk_encryption_key_raw": "",
                "disk_encryption_key_sha256": "",
                "initialize_params": [
                  {
                    "image": "https://www.googleapis.com/compute/v1/projects/ubuntu-os-cloud/global/images/ubuntu-minimal-2204-jammy-v20231025",
                    "labels": {},
                    "size": 15,
                    "type": "pd-standard"
                  }
                ],
                "kms_key_self_link": "",
                "mode": "READ_WRITE",
                "source": "https://www.googleapis.com/compute/v1/projects/dtc-de-course-403212/zones/europe-west6-a/disks/test"
              }
            ],
            "can_ip_forward": false,
            "confidential_instance_config": [],
            "cpu_platform": "Intel Broadwell",
            "current_status": "RUNNING",
            "deletion_protection": false,
            "description": "",
            "desired_status": null,
            "enable_display": false,
            "guest_accelerator": [],
            "hostname": "",
            "id": "projects/dtc-de-course-403212/zones/europe-west6-a/instances/test",
            "instance_id": "99696819836489460",
            "label_fingerprint": "42WmSpB8rSM=",
            "labels": null,
            "machine_type": "e2-micro",
            "metadata": {
              "ssh-keys": "sandip:ssh-rsa AAAAB3NzaC1yc2EAAAADAQABAAABgQC9NDOvOFVRkmZEupYyLmp1sp9ziUYLxVAifer3tUJ4B0A264Ik+1/tPdPmFfHl3+VXnfIQ4pFPBXKHIo3kt95rqYRDtIp8u8zi90SwBL1cFJkSCgvghopHIXiDqwHM9ufJI7l4/psRpxuIhKhA4aGnRUj9CxwfWEy5iBK65o45FCA1bWF46RjnndinAydlZ7pfcF5HifxmAdxGuVa44hTEDnqEI0KFMci9frTp+1CK9pyuLQH4AI4U+O4AlWAMk8pTUtNqt6Kjsn96lrCjIYGkjgbD1TrGyG9j/kZZqFt2eX+jh7fo19cZMcLPD0HrzFRoubTPOJ4ksGZbnFYd6j828MxzTFmnZGm8MHswWvdJNdxm2q0GOnl3m9kZqlWFJXsj1BMyMZgDcfezY6ZrdMyPst/oKEpZxpo/inQWSCWTet+YqLpnd7/GF0lLzDtgOzW6K4rydUO0NgnOAfSPK3SdJPVsx3I/IOV0zq8lOupbCflrLxcXBkgHWqwdehSNkwE= sandip@sandip-legion\n"
            },
            "metadata_fingerprint": "rF3NDRH_KbQ=",
            "metadata_startup_script": null,
            "min_cpu_platform": "",
            "name": "test",
            "network_interface": [
              {
                "access_config": [
                  {
                    "nat_ip": "34.65.65.245",
                    "network_tier": "PREMIUM",
                    "public_ptr_domain_name": ""
                  }
                ],
                "alias_ip_range": [],
                "ipv6_access_config": [],
                "ipv6_access_type": "",
                "name": "nic0",
                "network": "https://www.googleapis.com/compute/v1/projects/dtc-de-course-403212/global/networks/default",
                "network_ip": "10.172.0.2",
                "nic_type": "",
                "queue_count": 0,
                "stack_type": "IPV4_ONLY",
                "subnetwork": "https://www.googleapis.com/compute/v1/projects/dtc-de-course-403212/regions/europe-west6/subnetworks/default",
                "subnetwork_project": "dtc-de-course-403212"
              }
            ],
            "project": "dtc-de-course-403212",
            "reservation_affinity": [],
            "resource_policies": null,
            "scheduling": [
              {
                "automatic_restart": true,
                "instance_termination_action": "",
                "min_node_cpus": 0,
                "node_affinities": [],
                "on_host_maintenance": "MIGRATE",
                "preemptible": false,
                "provisioning_model": "STANDARD"
              }
            ],
            "scratch_disk": [],
            "self_link": "https://www.googleapis.com/compute/v1/projects/dtc-de-course-403212/zones/europe-west6-a/instances/test",
            "service_account": [],
            "shielded_instance_config": [
              {
                "enable_integrity_monitoring": true,
                "enable_secure_boot": false,
                "enable_vtpm": true
              }
            ],
            "tags": null,
            "tags_fingerprint": "42WmSpB8rSM=",
            "timeouts": null,
            "zone": "europe-west6-a"
          },
          "sensitive_attributes": [],
          "private": "eyJlMmJmYjczMC1lY2FhLTExZTYtOGY4OC0zNDM2M2JjN2M0YzAiOnsiY3JlYXRlIjoxMjAwMDAwMDAwMDAwLCJkZWxldGUiOjEyMDAwMDAwMDAwMDAsInVwZGF0ZSI6MTIwMDAwMDAwMDAwMH0sInNjaGVtYV92ZXJzaW9uIjoiNiJ9"
        }
      ]
    }
  ],
  "check_results": null
}
